
Microsoft Visual Studio Solution File, Format Version 12.00
# Visual Studio Version 16
VisualStudioVersion = 16.0.29306.81
MinimumVisualStudioVersion = 10.0.40219.1
Project("{FAE04EC0-301F-11D3-BF4B-00C04F79EFBC}") = "ThunderCats.Web", "ThunderCats.Web\ThunderCats.Web.csproj", "{FFC99F83-333B-413D-89F2-CAE05D7B65A1}"
EndProject
Project("{FAE04EC0-301F-11D3-BF4B-00C04F79EFBC}") = "ThunderCats.Entities", "ThunderCats.Entities\ThunderCats.Entities.csproj", "{F4350999-FB66-4577-8362-9D5959A5A3F2}"
EndProject
Project("{FAE04EC0-301F-11D3-BF4B-00C04F79EFBC}") = "ThunderCats.Database", "ThunderCats.Database\ThunderCats.Database.csproj", "{0779E8F9-7614-4B5A-B63D-8B48E1054F2F}"
EndProject
Project("{FAE04EC0-301F-11D3-BF4B-00C04F79EFBC}") = "ThunderCats.Services", "ThunderCats.Services\ThunderCats.Services.csproj", "{2AF3B9A5-40B6-4DC5-9DA0-3A3F389E4BD0}"
EndProject
Project("{FAE04EC0-301F-11D3-BF4B-00C04F79EFBC}") = "ThaPetaxteiAPI", "ThaPetaxteiAPI\ThaPetaxteiAPI.csproj", "{0BBB6B27-41E8-4188-8809-9FB63FA9F2BE}"
EndProject
Project("{FAE04EC0-301F-11D3-BF4B-00C04F79EFBC}") = "SingletonPattern", "SingletonPattern\SingletonPattern.csproj", "{3BC3ECD1-768D-482D-8CDE-E741526E536E}"
EndProject
Project("{2150E333-8FDC-42A3-9474-1A3956D46DE8}") = "DesignPatterns", "DesignPatterns", "{599776FE-CF5F-4781-86F8-A067EE6080EF}"
EndProject
Project("{2150E333-8FDC-42A3-9474-1A3956D46DE8}") = "Movies", "Movies", "{1A3A3520-1DD9-44E3-BBEE-906F59659E6B}"
EndProject
Project("{FAE04EC0-301F-11D3-BF4B-00C04F79EFBC}") = "Factory", "Factory\Factory.csproj", "{18FD3F4C-AE34-48DD-A0E6-C9C371E2BB32}"
EndProject
Project("{FAE04EC0-301F-11D3-BF4B-00C04F79EFBC}") = "NormalFactory", "NormalFactory\NormalFactory.csproj", "{3E008DD6-306B-4140-AD32-278FD3D30FD6}"
EndProject
Project("{FAE04EC0-301F-11D3-BF4B-00C04F79EFBC}") = "FactoryDesignPempti", "FactoryDesignPempti\FactoryDesignPempti.csproj", "{29B64DB3-1DBE-4CCE-B031-63C4B2244D57}"
EndProject
Project("{FAE04EC0-301F-11D3-BF4B-00C04F79EFBC}") = "Imerologio", "Imerologio\Imerologio.csproj", "{AF8A4385-9EDC-4ECB-9C17-FFDEB98CA61C}"
EndProject
Global
	GlobalSection(SolutionConfigurationPlatforms) = preSolution
		Debug|Any CPU = Debug|Any CPU
		Release|Any CPU = Release|Any CPU
	EndGlobalSection
	GlobalSection(ProjectConfigurationPlatforms) = postSolution
		{FFC99F83-333B-413D-89F2-CAE05D7B65A1}.Debug|Any CPU.ActiveCfg = Debug|Any CPU
		{FFC99F83-333B-413D-89F2-CAE05D7B65A1}.Debug|Any CPU.Build.0 = Debug|Any CPU
		{FFC99F83-333B-413D-89F2-CAE05D7B65A1}.Release|Any CPU.ActiveCfg = Release|Any CPU
		{FFC99F83-333B-413D-89F2-CAE05D7B65A1}.Release|Any CPU.Build.0 = Release|Any CPU
		{F4350999-FB66-4577-8362-9D5959A5A3F2}.Debug|Any CPU.ActiveCfg = Debug|Any CPU
		{F4350999-FB66-4577-8362-9D5959A5A3F2}.Debug|Any CPU.Build.0 = Debug|Any CPU
		{F4350999-FB66-4577-8362-9D5959A5A3F2}.Release|Any CPU.ActiveCfg = Release|Any CPU
		{F4350999-FB66-4577-8362-9D5959A5A3F2}.Release|Any CPU.Build.0 = Release|Any CPU
		{0779E8F9-7614-4B5A-B63D-8B48E1054F2F}.Debug|Any CPU.ActiveCfg = Debug|Any CPU
		{0779E8F9-7614-4B5A-B63D-8B48E1054F2F}.Debug|Any CPU.Build.0 = Debug|Any CPU
		{0779E8F9-7614-4B5A-B63D-8B48E1054F2F}.Release|Any CPU.ActiveCfg = Release|Any CPU
		{0779E8F9-7614-4B5A-B63D-8B48E1054F2F}.Release|Any CPU.Build.0 = Release|Any CPU
		{2AF3B9A5-40B6-4DC5-9DA0-3A3F389E4BD0}.Debug|Any CPU.ActiveCfg = Debug|Any CPU
		{2AF3B9A5-40B6-4DC5-9DA0-3A3F389E4BD0}.Debug|Any CPU.Build.0 = Debug|Any CPU
		{2AF3B9A5-40B6-4DC5-9DA0-3A3F389E4BD0}.Release|Any CPU.ActiveCfg = Release|Any CPU
		{2AF3B9A5-40B6-4DC5-9DA0-3A3F389E4BD0}.Release|Any CPU.Build.0 = Release|Any CPU
		{0BBB6B27-41E8-4188-8809-9FB63FA9F2BE}.Debug|Any CPU.ActiveCfg = Debug|Any CPU
		{0BBB6B27-41E8-4188-8809-9FB63FA9F2BE}.Debug|Any CPU.Build.0 = Debug|Any CPU
		{0BBB6B27-41E8-4188-8809-9FB63FA9F2BE}.Release|Any CPU.ActiveCfg = Release|Any CPU
		{0BBB6B27-41E8-4188-8809-9FB63FA9F2BE}.Release|Any CPU.Build.0 = Release|Any CPU
		{3BC3ECD1-768D-482D-8CDE-E741526E536E}.Debug|Any CPU.ActiveCfg = Debug|Any CPU
		{3BC3ECD1-768D-482D-8CDE-E741526E536E}.Debug|Any CPU.Build.0 = Debug|Any CPU
		{3BC3ECD1-768D-482D-8CDE-E741526E536E}.Release|Any CPU.ActiveCfg = Release|Any CPU
		{3BC3ECD1-768D-482D-8CDE-E741526E536E}.Release|Any CPU.Build.0 = Release|Any CPU
		{18FD3F4C-AE34-48DD-A0E6-C9C371E2BB32}.Debug|Any CPU.ActiveCfg = Debug|Any CPU
		{18FD3F4C-AE34-48DD-A0E6-C9C371E2BB32}.Debug|Any CPU.Build.0 = Debug|Any CPU
		{18FD3F4C-AE34-48DD-A0E6-C9C371E2BB32}.Release|Any CPU.ActiveCfg = Release|Any CPU
		{18FD3F4C-AE34-48DD-A0E6-C9C371E2BB32}.Release|Any CPU.Build.0 = Release|Any CPU
		{3E008DD6-306B-4140-AD32-278FD3D30FD6}.Debug|Any CPU.ActiveCfg = Debug|Any CPU
		{3E008DD6-306B-4140-AD32-278FD3D30FD6}.Debug|Any CPU.Build.0 = Debug|Any CPU
		{3E008DD6-306B-4140-AD32-278FD3D30FD6}.Release|Any CPU.ActiveCfg = Release|Any CPU
		{3E008DD6-306B-4140-AD32-278FD3D30FD6}.Release|Any CPU.Build.0 = Release|Any CPU
		{29B64DB3-1DBE-4CCE-B031-63C4B2244D57}.Debug|Any CPU.ActiveCfg = Debug|Any CPU
		{29B64DB3-1DBE-4CCE-B031-63C4B2244D57}.Debug|Any CPU.Build.0 = Debug|Any CPU
		{29B64DB3-1DBE-4CCE-B031-63C4B2244D57}.Release|Any CPU.ActiveCfg = Release|Any CPU
		{29B64DB3-1DBE-4CCE-B031-63C4B2244D57}.Release|Any CPU.Build.0 = Release|Any CPU
		{AF8A4385-9EDC-4ECB-9C17-FFDEB98CA61C}.Debug|Any CPU.ActiveCfg = Debug|Any CPU
		{AF8A4385-9EDC-4ECB-9C17-FFDEB98CA61C}.Debug|Any CPU.Build.0 = Debug|Any CPU
		{AF8A4385-9EDC-4ECB-9C17-FFDEB98CA61C}.Release|Any CPU.ActiveCfg = Release|Any CPU
		{AF8A4385-9EDC-4ECB-9C17-FFDEB98CA61C}.Release|Any CPU.Build.0 = Release|Any CPU
	EndGlobalSection
	GlobalSection(SolutionProperties) = preSolution
		HideSolutionNode = FALSE
	EndGlobalSection
	GlobalSection(NestedProjects) = preSolution
		{FFC99F83-333B-413D-89F2-CAE05D7B65A1} = {1A3A3520-1DD9-44E3-BBEE-906F59659E6B}
		{F4350999-FB66-4577-8362-9D5959A5A3F2} = {1A3A3520-1DD9-44E3-BBEE-906F59659E6B}
		{0779E8F9-7614-4B5A-B63D-8B48E1054F2F} = {1A3A3520-1DD9-44E3-BBEE-906F59659E6B}
		{2AF3B9A5-40B6-4DC5-9DA0-3A3F389E4BD0} = {1A3A3520-1DD9-44E3-BBEE-906F59659E6B}
		{0BBB6B27-41E8-4188-8809-9FB63FA9F2BE} = {1A3A3520-1DD9-44E3-BBEE-906F59659E6B}
		{3BC3ECD1-768D-482D-8CDE-E741526E536E} = {599776FE-CF5F-4781-86F8-A067EE6080EF}
		{18FD3F4C-AE34-48DD-A0E6-C9C371E2BB32} = {599776FE-CF5F-4781-86F8-A067EE6080EF}
		{3E008DD6-306B-4140-AD32-278FD3D30FD6} = {599776FE-CF5F-4781-86F8-A067EE6080EF}
		{29B64DB3-1DBE-4CCE-B031-63C4B2244D57} = {599776FE-CF5F-4781-86F8-A067EE6080EF}
	EndGlobalSection
	GlobalSection(ExtensibilityGlobals) = postSolution
		SolutionGuid = {B82691A1-0132-4D38-A8D7-C99EB9012C88}
	EndGlobalSection
EndGlobal
